
Microsoft Visual Studio Solution File, Format Version 12.00
Project("{FAE04EC0-301F-11D3-BF4B-00C04F79EFBC}") = "ConvertApi.Cli", "ConvertApi.Cli\ConvertApi.Cli.csproj", "{006B1430-754B-46E0-BF11-2B9A759E6611}"
EndProject
Project("{FAE04EC0-301F-11D3-BF4B-00C04F79EFBC}") = "ConvertApi.Cli.Test", "ConvertApi.Cli.Test\ConvertApi.Cli.Test.csproj", "{B14DD22A-6CF3-4515-BFCB-7A7FDE5FD036}"
EndProject
Global
	GlobalSection(SolutionConfigurationPlatforms) = preSolution
		Debug|Any CPU = Debug|Any CPU
		Release|Any CPU = Release|Any CPU
	EndGlobalSection
	GlobalSection(ProjectConfigurationPlatforms) = postSolution
		{006B1430-754B-46E0-BF11-2B9A759E6611}.Debug|Any CPU.ActiveCfg = Debug|Any CPU
		{006B1430-754B-46E0-BF11-2B9A759E6611}.Debug|Any CPU.Build.0 = Debug|Any CPU
		{006B1430-754B-46E0-BF11-2B9A759E6611}.Release|Any CPU.ActiveCfg = Release|Any CPU
		{006B1430-754B-46E0-BF11-2B9A759E6611}.Release|Any CPU.Build.0 = Release|Any CPU
		{B14DD22A-6CF3-4515-BFCB-7A7FDE5FD036}.Debug|Any CPU.ActiveCfg = Debug|Any CPU
		{B14DD22A-6CF3-4515-BFCB-7A7FDE5FD036}.Debug|Any CPU.Build.0 = Debug|Any CPU
		{B14DD22A-6CF3-4515-BFCB-7A7FDE5FD036}.Release|Any CPU.ActiveCfg = Release|Any CPU
		{B14DD22A-6CF3-4515-BFCB-7A7FDE5FD036}.Release|Any CPU.Build.0 = Release|Any CPU
	EndGlobalSection
EndGlobal
